
Microsoft Visual Studio Solution File, Format Version 12.00
# Visual Studio Version 16
VisualStudioVersion = 16.0.32002.261
MinimumVisualStudioVersion = 10.0.40219.1
Project("{D2ABAB84-BF74-430A-B69E-9DC6D40DDA17}") = "OLAP2", "OLAP2\OLAP2.dwproj", "{CE22E526-8879-4640-B162-394FF70C589A}"
EndProject
Global
	GlobalSection(SolutionConfigurationPlatforms) = preSolution
		Development|Default = Development|Default
	EndGlobalSection
	GlobalSection(ProjectConfigurationPlatforms) = postSolution
		{CE22E526-8879-4640-B162-394FF70C589A}.Development|Default.ActiveCfg = Development
		{CE22E526-8879-4640-B162-394FF70C589A}.Development|Default.Build.0 = Development
		{CE22E526-8879-4640-B162-394FF70C589A}.Development|Default.Deploy.0 = Development
	EndGlobalSection
	GlobalSection(SolutionProperties) = preSolution
		HideSolutionNode = FALSE
	EndGlobalSection
	GlobalSection(ExtensibilityGlobals) = postSolution
		SolutionGuid = {2210C487-3AEE-439D-866B-01B940BBCC4E}
	EndGlobalSection
EndGlobal
